
Microsoft Visual Studio Solution File, Format Version 12.00
# Visual Studio 16
Project("{FAE04EC0-301F-11D3-BF4B-00C04F79EFBC}") = "XFrameworkRuntime", "XFrameworkRuntime.csproj", "{C0F66C88-106B-9ED4-9F10-B3F950B01EC2}"
EndProject
Project("{FAE04EC0-301F-11D3-BF4B-00C04F79EFBC}") = "Assembly-CSharp", "Assembly-CSharp.csproj", "{D9429846-0D3D-2D01-627B-64C77AE4196B}"
EndProject
Project("{FAE04EC0-301F-11D3-BF4B-00C04F79EFBC}") = "XFrameworkEditor", "XFrameworkEditor.csproj", "{6FB2F394-8B5F-6067-6902-85D59FFD8D43}"
EndProject
Project("{FAE04EC0-301F-11D3-BF4B-00C04F79EFBC}") = "Assembly-CSharp-Editor", "Assembly-CSharp-Editor.csproj", "{9D3B998F-7AD3-5650-607C-3765EC9AB973}"
EndProject
Global
	GlobalSection(SolutionConfigurationPlatforms) = preSolution
		Debug|Any CPU = Debug|Any CPU
		Release|Any CPU = Release|Any CPU
	EndGlobalSection
	GlobalSection(ProjectConfigurationPlatforms) = postSolution
		{C0F66C88-106B-9ED4-9F10-B3F950B01EC2}.Debug|Any CPU.ActiveCfg = Debug|Any CPU
		{C0F66C88-106B-9ED4-9F10-B3F950B01EC2}.Debug|Any CPU.Build.0 = Debug|Any CPU
		{C0F66C88-106B-9ED4-9F10-B3F950B01EC2}.Release|Any CPU.ActiveCfg = Release|Any CPU
		{C0F66C88-106B-9ED4-9F10-B3F950B01EC2}.Release|Any CPU.Build.0 = Release|Any CPU
		{D9429846-0D3D-2D01-627B-64C77AE4196B}.Debug|Any CPU.ActiveCfg = Debug|Any CPU
		{D9429846-0D3D-2D01-627B-64C77AE4196B}.Debug|Any CPU.Build.0 = Debug|Any CPU
		{D9429846-0D3D-2D01-627B-64C77AE4196B}.Release|Any CPU.ActiveCfg = Release|Any CPU
		{D9429846-0D3D-2D01-627B-64C77AE4196B}.Release|Any CPU.Build.0 = Release|Any CPU
		{6FB2F394-8B5F-6067-6902-85D59FFD8D43}.Debug|Any CPU.ActiveCfg = Debug|Any CPU
		{6FB2F394-8B5F-6067-6902-85D59FFD8D43}.Debug|Any CPU.Build.0 = Debug|Any CPU
		{6FB2F394-8B5F-6067-6902-85D59FFD8D43}.Release|Any CPU.ActiveCfg = Release|Any CPU
		{6FB2F394-8B5F-6067-6902-85D59FFD8D43}.Release|Any CPU.Build.0 = Release|Any CPU
		{9D3B998F-7AD3-5650-607C-3765EC9AB973}.Debug|Any CPU.ActiveCfg = Debug|Any CPU
		{9D3B998F-7AD3-5650-607C-3765EC9AB973}.Debug|Any CPU.Build.0 = Debug|Any CPU
		{9D3B998F-7AD3-5650-607C-3765EC9AB973}.Release|Any CPU.ActiveCfg = Release|Any CPU
		{9D3B998F-7AD3-5650-607C-3765EC9AB973}.Release|Any CPU.Build.0 = Release|Any CPU
	EndGlobalSection
	GlobalSection(SolutionProperties) = preSolution
		HideSolutionNode = FALSE
	EndGlobalSection
EndGlobal
