
Microsoft Visual Studio Solution File, Format Version 12.00
# Visual Studio Version 16
VisualStudioVersion = 16.0.28803.156
MinimumVisualStudioVersion = 10.0.40219.1
Project("{FAE04EC0-301F-11D3-BF4B-00C04F79EFBC}") = "Common", "Common\Common.csproj", "{4100E476-F1FE-4769-93FD-6F6D55BACC5B}"
EndProject
Project("{FAE04EC0-301F-11D3-BF4B-00C04F79EFBC}") = "Server", "Server\Server.csproj", "{11C54F03-D3D3-4795-B72F-A658E6AAB1CA}"
EndProject
Global
	GlobalSection(SolutionConfigurationPlatforms) = preSolution
		Debug|Any CPU = Debug|Any CPU
		Release|Any CPU = Release|Any CPU
	EndGlobalSection
	GlobalSection(ProjectConfigurationPlatforms) = postSolution
		{4100E476-F1FE-4769-93FD-6F6D55BACC5B}.Debug|Any CPU.ActiveCfg = Debug|Any CPU
		{4100E476-F1FE-4769-93FD-6F6D55BACC5B}.Debug|Any CPU.Build.0 = Debug|Any CPU
		{4100E476-F1FE-4769-93FD-6F6D55BACC5B}.Release|Any CPU.ActiveCfg = Release|Any CPU
		{4100E476-F1FE-4769-93FD-6F6D55BACC5B}.Release|Any CPU.Build.0 = Release|Any CPU
		{11C54F03-D3D3-4795-B72F-A658E6AAB1CA}.Debug|Any CPU.ActiveCfg = Debug|Any CPU
		{11C54F03-D3D3-4795-B72F-A658E6AAB1CA}.Debug|Any CPU.Build.0 = Debug|Any CPU
		{11C54F03-D3D3-4795-B72F-A658E6AAB1CA}.Release|Any CPU.ActiveCfg = Release|Any CPU
		{11C54F03-D3D3-4795-B72F-A658E6AAB1CA}.Release|Any CPU.Build.0 = Release|Any CPU
	EndGlobalSection
	GlobalSection(SolutionProperties) = preSolution
		HideSolutionNode = FALSE
	EndGlobalSection
	GlobalSection(ExtensibilityGlobals) = postSolution
		SolutionGuid = {C5633F38-052D-41A0-802B-7C10963A8789}
	EndGlobalSection
EndGlobal
